
Microsoft Visual Studio Solution File, Format Version 12.00
# Visual Studio Version 17
VisualStudioVersion = 17.0.31903.59
MinimumVisualStudioVersion = 10.0.40219.1
Project("{FAE04EC0-301F-11D3-BF4B-00C04F79EFBC}") = "Syringe", "Syringe\Syringe.csproj", "{5F4E41C5-41E0-406A-AEC3-FA0E16209E01}"
EndProject
Project("{FAE04EC0-301F-11D3-BF4B-00C04F79EFBC}") = "Syringe.Tests", "Syringe.Tests\Syringe.Tests.csproj", "{D8554E69-498A-450F-8EDE-401206FBB915}"
EndProject
Global
	GlobalSection(SolutionConfigurationPlatforms) = preSolution
		Debug|Any CPU = Debug|Any CPU
		Release|Any CPU = Release|Any CPU
	EndGlobalSection
	GlobalSection(SolutionProperties) = preSolution
		HideSolutionNode = FALSE
	EndGlobalSection
	GlobalSection(ProjectConfigurationPlatforms) = postSolution
		{5F4E41C5-41E0-406A-AEC3-FA0E16209E01}.Debug|Any CPU.ActiveCfg = Debug|Any CPU
		{5F4E41C5-41E0-406A-AEC3-FA0E16209E01}.Debug|Any CPU.Build.0 = Debug|Any CPU
		{5F4E41C5-41E0-406A-AEC3-FA0E16209E01}.Release|Any CPU.ActiveCfg = Release|Any CPU
		{5F4E41C5-41E0-406A-AEC3-FA0E16209E01}.Release|Any CPU.Build.0 = Release|Any CPU
		{D8554E69-498A-450F-8EDE-401206FBB915}.Debug|Any CPU.ActiveCfg = Debug|Any CPU
		{D8554E69-498A-450F-8EDE-401206FBB915}.Debug|Any CPU.Build.0 = Debug|Any CPU
		{D8554E69-498A-450F-8EDE-401206FBB915}.Release|Any CPU.ActiveCfg = Release|Any CPU
		{D8554E69-498A-450F-8EDE-401206FBB915}.Release|Any CPU.Build.0 = Release|Any CPU
	EndGlobalSection
EndGlobal
